{
  "name": "tre-cli-peers",
  "version": "1.0.0",
  "lockfileVersion": 3,
  "requires": true,
  "packages": {
    "": {
      "name": "tre-cli-peers",
      "version": "1.0.0",
      "license": "ISC",
      "dependencies": {
        "multicb": "^1.2.2",
        "pull-buckets": "^1.0.0",
        "pull-catch": "^1.1.0",
        "pull-defer": "^0.2.3",
        "pull-many": "^1.0.9",
        "pull-next": "^1.0.1",
        "pull-notify": "^0.1.2",
        "pull-stream": "^3.7.0"
      },
      "bin": {
        "tre-cli-peers": "bin/list.js"
      }
    },
    "node_modules/deep-copy": {
      "version": "1.4.2",
      "resolved": "https://registry.npmjs.org/deep-copy/-/deep-copy-1.4.2.tgz",
      "integrity": "sha512-VxZwQ/1+WGQPl5nE67uLhh7OqdrmqI1OazrraO9Bbw/M8Bt6Mol/RxzDA6N6ZgRXpsG/W9PgUj8E1LHHBEq2GQ==",
      "license": "MIT",
      "engines": {
        "node": ">=4.0.0"
      }
    },
    "node_modules/multicb": {
      "version": "1.2.2",
      "resolved": "https://registry.npmjs.org/multicb/-/multicb-1.2.2.tgz",
      "integrity": "sha512-PZM4dhYFmCF6uZGWpEmoPMUqJBywS9IcAgybT2GmSpYI1BvGvoWSdbio+ik+q/YD2vodhvslESWIS3NnkKYdqQ=="
    },
    "node_modules/pull-buckets": {
      "version": "1.0.0",
      "resolved": "https://registry.npmjs.org/pull-buckets/-/pull-buckets-1.0.0.tgz",
      "integrity": "sha512-ymKETIrpAp4NzTroccI9wRpx39nt0sZIb6yq8SQnUbHOwJRnuXnWKuL4ojC8Fmn27ru9MEW2/gz/jA8iqcmFxw==",
      "license": "MIT",
      "dependencies": {
        "deep-copy": "^1.4.2",
        "pull-stream": "^3.7.0"
      }
    },
    "node_modules/pull-catch": {
      "version": "1.1.0",
      "resolved": "https://registry.npmjs.org/pull-catch/-/pull-catch-1.1.0.tgz",
      "integrity": "sha512-x6DkWZfBVvYrjUIcFroe3GtBkZcRINi8PsYgx3qBYluIeawLn4Z5oJI++WE5AJPbIZBmxHFx+zIvQmhRYaSeFA==",
      "license": "ISC"
    },
    "node_modules/pull-defer": {
      "version": "0.2.3",
      "resolved": "https://registry.npmjs.org/pull-defer/-/pull-defer-0.2.3.tgz",
      "integrity": "sha512-/An3KE7mVjZCqNhZsr22k1Tx8MACnUnHZZNPSJ0S62td8JtYr/AiRG42Vz7Syu31SoTLUzVIe61jtT/pNdjVYA==",
      "license": "MIT"
    },
    "node_modules/pull-many": {
      "version": "1.0.9",
      "resolved": "https://registry.npmjs.org/pull-many/-/pull-many-1.0.9.tgz",
      "integrity": "sha512-+jUydDVlj/HsvtDqxWMSsiRq3B0HVo7RhBV4C0p2nZRS3mFTUEu9SPEBN+B5PMaW8KTnblYhTIaKg7oXgGnj4Q==",
      "license": "MIT",
      "dependencies": {
        "pull-stream": "^3.4.5"
      }
    },
    "node_modules/pull-next": {
      "version": "1.0.1",
      "resolved": "https://registry.npmjs.org/pull-next/-/pull-next-1.0.1.tgz",
      "integrity": "sha512-CAOxYSfmFmQ+jxuwnmaXmovYOmVD+XC7X+5uyZh4hVg06DUK7O9uccsIQkGu493eGkAqASlmB5zekEH7oxS0AQ==",
      "license": "MIT"
    },
    "node_modules/pull-notify": {
      "version": "0.1.2",
      "resolved": "https://registry.npmjs.org/pull-notify/-/pull-notify-0.1.2.tgz",
      "integrity": "sha512-oooAxYEUGNbOVsUrmqqTWWsAUMRIs4sYglnxgleiVcWyvrWgOuk/WUoZDajPTsYix2/rd+z5xSclzHLA7QygcQ==",
      "license": "MIT",
      "dependencies": {
        "pull-pushable": "^2.0.0"
      }
    },
    "node_modules/pull-pushable": {
      "version": "2.2.0",
      "resolved": "https://registry.npmjs.org/pull-pushable/-/pull-pushable-2.2.0.tgz",
      "integrity": "sha512-M7dp95enQ2kaHvfCt2+DJfyzgCSpWVR2h2kWYnVsW6ZpxQBx5wOu0QWOvQPVoPnBLUZYitYP2y7HyHkLQNeGXg==",
      "license": "MIT"
    },
    "node_modules/pull-stream": {
      "version": "3.7.0",
      "resolved": "https://registry.npmjs.org/pull-stream/-/pull-stream-3.7.0.tgz",
      "integrity": "sha512-Eco+/R004UaCK2qEDE8vGklcTG2OeZSVm1kTUQNrykEjDwcFXDZhygFDsW49DbXyJMEhHeRL3z5cRVqPAhXlIw==",
      "license": "MIT"
    }
  }
}
